// !$*UTF8*$!
{
	archiveVersion = 1;
	classes = {
	};
	objectVersion = 46;
	objects = {

/* Begin PBXBuildFile section */
		910601261E93D480008CE92D /* URL+Arbitrary.swift in Sources */ = {isa = PBXBuildFile; fileRef = 910601251E93D480008CE92D /* URL+Arbitrary.swift */; };
		910601281E93D510008CE92D /* XCTestCase+Tests.swift in Sources */ = {isa = PBXBuildFile; fileRef = 910601271E93D510008CE92D /* XCTestCase+Tests.swift */; };
		9106012E1E943C96008CE92D /* ReadyToPlayState+Default.swift in Sources */ = {isa = PBXBuildFile; fileRef = 9106012C1E943C91008CE92D /* ReadyToPlayState+Default.swift */; };
		913FE8B61E8E8EAA00F92B89 /* AVAsset+Metadata.swift in Sources */ = {isa = PBXBuildFile; fileRef = 913FE8B51E8E8EAA00F92B89 /* AVAsset+Metadata.swift */; };
		91930F451E03158F006A0091 /* AudioBar.h in Headers */ = {isa = PBXBuildFile; fileRef = 91930F371E03158F006A0091 /* AudioBar.h */; settings = {ATTRIBUTES = (Public, ); }; };
		91930F711E0315BC006A0091 /* AudioBar.storyboard in Resources */ = {isa = PBXBuildFile; fileRef = 91930F6E1E0315BC006A0091 /* AudioBar.storyboard */; };
		91930F721E0315BC006A0091 /* AudioBarViewController.swift in Sources */ = {isa = PBXBuildFile; fileRef = 91930F6F1E0315BC006A0091 /* AudioBarViewController.swift */; };
		91A85E0D1E94D4CE0049E5C6 /* TimeInterval+Arbitrary.swift in Sources */ = {isa = PBXBuildFile; fileRef = 91A85E0C1E94D4CE0049E5C6 /* TimeInterval+Arbitrary.swift */; };
		91C1561D1E6F2C6800FA2740 /* CMTime+TimeInterval.swift in Sources */ = {isa = PBXBuildFile; fileRef = 91C1561C1E6F2C6800FA2740 /* CMTime+TimeInterval.swift */; };
		91C186461E031A4D006ECAD8 /* Assets.xcassets in Resources */ = {isa = PBXBuildFile; fileRef = 91C186451E031A4D006ECAD8 /* Assets.xcassets */; };
		91D8A1E41E94E4FF00D60A47 /* ReadyToPlayStateViewTests.swift in Sources */ = {isa = PBXBuildFile; fileRef = 91D8A1E31E94E4FF00D60A47 /* ReadyToPlayStateViewTests.swift */; };
		91D8A1F31E950B8300D60A47 /* PlayerInfo+Arbitrary.swift in Sources */ = {isa = PBXBuildFile; fileRef = 910601291E93D9EC008CE92D /* PlayerInfo+Arbitrary.swift */; };
		91F077E21E8D3D62000B5A61 /* Stateful.framework in Frameworks */ = {isa = PBXBuildFile; fileRef = 91F077E11E8D3D62000B5A61 /* Stateful.framework */; };
		91FC614B1E93C1B8006003E1 /* AudioBarCore.framework in Frameworks */ = {isa = PBXBuildFile; fileRef = 91FC61421E93C1B8006003E1 /* AudioBarCore.framework */; };
		91FC615A1E93C206006003E1 /* WaitingForURLState.swift in Sources */ = {isa = PBXBuildFile; fileRef = 91FC61591E93C206006003E1 /* WaitingForURLState.swift */; };
		91FC615C1E93C214006003E1 /* ReadyToLoadURLState.swift in Sources */ = {isa = PBXBuildFile; fileRef = 91FC615B1E93C214006003E1 /* ReadyToLoadURLState.swift */; };
		91FC615E1E93C220006003E1 /* WaitingForPlayerToLoadState.swift in Sources */ = {isa = PBXBuildFile; fileRef = 91FC615D1E93C220006003E1 /* WaitingForPlayerToLoadState.swift */; };
		91FC61601E93C22D006003E1 /* ReadyToPlayState.swift in Sources */ = {isa = PBXBuildFile; fileRef = 91FC615F1E93C22D006003E1 /* ReadyToPlayState.swift */; };
		91FC61651E93C2CA006003E1 /* WaitingForURLStateTests.swift in Sources */ = {isa = PBXBuildFile; fileRef = 91FC61641E93C2CA006003E1 /* WaitingForURLStateTests.swift */; };
		91FC61671E93C2D4006003E1 /* ReadyToLoadURLStateTests.swift in Sources */ = {isa = PBXBuildFile; fileRef = 91FC61661E93C2D4006003E1 /* ReadyToLoadURLStateTests.swift */; };
		91FC61691E93C2DD006003E1 /* WaitingForPlayerToLoadStateTests.swift in Sources */ = {isa = PBXBuildFile; fileRef = 91FC61681E93C2DD006003E1 /* WaitingForPlayerToLoadStateTests.swift */; };
		91FC616B1E93C2E5006003E1 /* ReadyToPlayStateTests.swift in Sources */ = {isa = PBXBuildFile; fileRef = 91FC616A1E93C2E5006003E1 /* ReadyToPlayStateTests.swift */; };
		91FC616D1E93C3EF006003E1 /* AudioBarView.swift in Sources */ = {isa = PBXBuildFile; fileRef = 91FC616C1E93C3EF006003E1 /* AudioBarView.swift */; };
		91FC616E1E93C4E9006003E1 /* Stateful.framework in Frameworks */ = {isa = PBXBuildFile; fileRef = 91F077E11E8D3D62000B5A61 /* Stateful.framework */; };
		91FC616F1E93C4EA006003E1 /* Stateful.framework in Frameworks */ = {isa = PBXBuildFile; fileRef = 91F077E11E8D3D62000B5A61 /* Stateful.framework */; };
		91FC61771E93C858006003E1 /* Player.swift in Sources */ = {isa = PBXBuildFile; fileRef = 91FC61761E93C858006003E1 /* Player.swift */; };
		91FC61791E93CBB7006003E1 /* ShowAlertAction.swift in Sources */ = {isa = PBXBuildFile; fileRef = 91FC61781E93CBB7006003E1 /* ShowAlertAction.swift */; };
/* End PBXBuildFile section */

/* Begin PBXContainerItemProxy section */
		91FC614C1E93C1B8006003E1 /* PBXContainerItemProxy */ = {
			isa = PBXContainerItemProxy;
			containerPortal = 91930F2B1E03158F006A0091 /* Project object */;
			proxyType = 1;
			remoteGlobalIDString = 91FC61411E93C1B8006003E1;
			remoteInfo = AudioBarCore;
		};
/* End PBXContainerItemProxy section */

/* Begin PBXFileReference section */
		910601251E93D480008CE92D /* URL+Arbitrary.swift */ = {isa = PBXFileReference; fileEncoding = 4; lastKnownFileType = sourcecode.swift; path = "URL+Arbitrary.swift"; sourceTree = "<group>"; };
		910601271E93D510008CE92D /* XCTestCase+Tests.swift */ = {isa = PBXFileReference; fileEncoding = 4; lastKnownFileType = sourcecode.swift; path = "XCTestCase+Tests.swift"; sourceTree = "<group>"; };
		910601291E93D9EC008CE92D /* PlayerInfo+Arbitrary.swift */ = {isa = PBXFileReference; fileEncoding = 4; lastKnownFileType = sourcecode.swift; path = "PlayerInfo+Arbitrary.swift"; sourceTree = "<group>"; };
		9106012C1E943C91008CE92D /* ReadyToPlayState+Default.swift */ = {isa = PBXFileReference; fileEncoding = 4; lastKnownFileType = sourcecode.swift; path = "ReadyToPlayState+Default.swift"; sourceTree = "<group>"; };
		913FE8B51E8E8EAA00F92B89 /* AVAsset+Metadata.swift */ = {isa = PBXFileReference; fileEncoding = 4; lastKnownFileType = sourcecode.swift; path = "AVAsset+Metadata.swift"; sourceTree = "<group>"; };
		91930F341E03158F006A0091 /* AudioBar.framework */ = {isa = PBXFileReference; explicitFileType = wrapper.framework; includeInIndex = 0; path = AudioBar.framework; sourceTree = BUILT_PRODUCTS_DIR; };
		91930F371E03158F006A0091 /* AudioBar.h */ = {isa = PBXFileReference; lastKnownFileType = sourcecode.c.h; path = AudioBar.h; sourceTree = "<group>"; };
		91930F381E03158F006A0091 /* Info.plist */ = {isa = PBXFileReference; lastKnownFileType = text.plist.xml; path = Info.plist; sourceTree = "<group>"; };
		91930F6E1E0315BC006A0091 /* AudioBar.storyboard */ = {isa = PBXFileReference; fileEncoding = 4; lastKnownFileType = file.storyboard; path = AudioBar.storyboard; sourceTree = "<group>"; };
		91930F6F1E0315BC006A0091 /* AudioBarViewController.swift */ = {isa = PBXFileReference; fileEncoding = 4; lastKnownFileType = sourcecode.swift; path = AudioBarViewController.swift; sourceTree = "<group>"; };
		91A85E0C1E94D4CE0049E5C6 /* TimeInterval+Arbitrary.swift */ = {isa = PBXFileReference; fileEncoding = 4; lastKnownFileType = sourcecode.swift; path = "TimeInterval+Arbitrary.swift"; sourceTree = "<group>"; };
		91C1561C1E6F2C6800FA2740 /* CMTime+TimeInterval.swift */ = {isa = PBXFileReference; fileEncoding = 4; lastKnownFileType = sourcecode.swift; path = "CMTime+TimeInterval.swift"; sourceTree = "<group>"; };
		91C186451E031A4D006ECAD8 /* Assets.xcassets */ = {isa = PBXFileReference; lastKnownFileType = folder.assetcatalog; path = Assets.xcassets; sourceTree = "<group>"; };
		91D8A1E31E94E4FF00D60A47 /* ReadyToPlayStateViewTests.swift */ = {isa = PBXFileReference; fileEncoding = 4; lastKnownFileType = sourcecode.swift; path = ReadyToPlayStateViewTests.swift; sourceTree = "<group>"; };
		91F077E11E8D3D62000B5A61 /* Stateful.framework */ = {isa = PBXFileReference; lastKnownFileType = wrapper.framework; name = Stateful.framework; path = Carthage/Build/iOS/Stateful.framework; sourceTree = "<group>"; };
		91FC61421E93C1B8006003E1 /* AudioBarCore.framework */ = {isa = PBXFileReference; explicitFileType = wrapper.framework; includeInIndex = 0; path = AudioBarCore.framework; sourceTree = BUILT_PRODUCTS_DIR; };
		91FC61451E93C1B8006003E1 /* Info.plist */ = {isa = PBXFileReference; lastKnownFileType = text.plist.xml; path = Info.plist; sourceTree = "<group>"; };
		91FC614A1E93C1B8006003E1 /* AudioBarCoreTests.xctest */ = {isa = PBXFileReference; explicitFileType = wrapper.cfbundle; includeInIndex = 0; path = AudioBarCoreTests.xctest; sourceTree = BUILT_PRODUCTS_DIR; };
		91FC61591E93C206006003E1 /* WaitingForURLState.swift */ = {isa = PBXFileReference; fileEncoding = 4; lastKnownFileType = sourcecode.swift; path = WaitingForURLState.swift; sourceTree = "<group>"; };
		91FC615B1E93C214006003E1 /* ReadyToLoadURLState.swift */ = {isa = PBXFileReference; fileEncoding = 4; lastKnownFileType = sourcecode.swift; path = ReadyToLoadURLState.swift; sourceTree = "<group>"; };
		91FC615D1E93C220006003E1 /* WaitingForPlayerToLoadState.swift */ = {isa = PBXFileReference; fileEncoding = 4; lastKnownFileType = sourcecode.swift; path = WaitingForPlayerToLoadState.swift; sourceTree = "<group>"; };
		91FC615F1E93C22D006003E1 /* ReadyToPlayState.swift */ = {isa = PBXFileReference; fileEncoding = 4; lastKnownFileType = sourcecode.swift; path = ReadyToPlayState.swift; sourceTree = "<group>"; };
		91FC61611E93C264006003E1 /* TestsInfo.plist */ = {isa = PBXFileReference; lastKnownFileType = text.plist.xml; path = TestsInfo.plist; sourceTree = "<group>"; };
		91FC61641E93C2CA006003E1 /* WaitingForURLStateTests.swift */ = {isa = PBXFileReference; fileEncoding = 4; lastKnownFileType = sourcecode.swift; path = WaitingForURLStateTests.swift; sourceTree = "<group>"; };
		91FC61661E93C2D4006003E1 /* ReadyToLoadURLStateTests.swift */ = {isa = PBXFileReference; fileEncoding = 4; lastKnownFileType = sourcecode.swift; path = ReadyToLoadURLStateTests.swift; sourceTree = "<group>"; };
		91FC61681E93C2DD006003E1 /* WaitingForPlayerToLoadStateTests.swift */ = {isa = PBXFileReference; fileEncoding = 4; lastKnownFileType = sourcecode.swift; path = WaitingForPlayerToLoadStateTests.swift; sourceTree = "<group>"; };
		91FC616A1E93C2E5006003E1 /* ReadyToPlayStateTests.swift */ = {isa = PBXFileReference; fileEncoding = 4; lastKnownFileType = sourcecode.swift; path = ReadyToPlayStateTests.swift; sourceTree = "<group>"; };
		91FC616C1E93C3EF006003E1 /* AudioBarView.swift */ = {isa = PBXFileReference; fileEncoding = 4; lastKnownFileType = sourcecode.swift; path = AudioBarView.swift; sourceTree = "<group>"; };
		91FC61761E93C858006003E1 /* Player.swift */ = {isa = PBXFileReference; fileEncoding = 4; lastKnownFileType = sourcecode.swift; path = Player.swift; sourceTree = "<group>"; };
		91FC61781E93CBB7006003E1 /* ShowAlertAction.swift */ = {isa = PBXFileReference; fileEncoding = 4; lastKnownFileType = sourcecode.swift; path = ShowAlertAction.swift; sourceTree = "<group>"; };
/* End PBXFileReference section */

/* Begin PBXFrameworksBuildPhase section */
		91930F301E03158F006A0091 /* Frameworks */ = {
			isa = PBXFrameworksBuildPhase;
			buildActionMask = 2147483647;
			files = (
				91F077E21E8D3D62000B5A61 /* Stateful.framework in Frameworks */,
			);
			runOnlyForDeploymentPostprocessing = 0;
		};
		91FC613E1E93C1B8006003E1 /* Frameworks */ = {
			isa = PBXFrameworksBuildPhase;
			buildActionMask = 2147483647;
			files = (
				91FC616E1E93C4E9006003E1 /* Stateful.framework in Frameworks */,
			);
			runOnlyForDeploymentPostprocessing = 0;
		};
		91FC61471E93C1B8006003E1 /* Frameworks */ = {
			isa = PBXFrameworksBuildPhase;
			buildActionMask = 2147483647;
			files = (
				91FC616F1E93C4EA006003E1 /* Stateful.framework in Frameworks */,
				91FC614B1E93C1B8006003E1 /* AudioBarCore.framework in Frameworks */,
			);
			runOnlyForDeploymentPostprocessing = 0;
		};
/* End PBXFrameworksBuildPhase section */

/* Begin PBXGroup section */
		916289DC1E1C49610004D27E /* Frameworks */ = {
			isa = PBXGroup;
			children = (
				91F077E11E8D3D62000B5A61 /* Stateful.framework */,
			);
			name = Frameworks;
			sourceTree = "<group>";
		};
		91930F2A1E03158F006A0091 = {
			isa = PBXGroup;
			children = (
				91930F361E03158F006A0091 /* AudioBar */,
				91FC61431E93C1B8006003E1 /* AudioBarCore */,
				91930F351E03158F006A0091 /* Products */,
				916289DC1E1C49610004D27E /* Frameworks */,
			);
			sourceTree = "<group>";
		};
		91930F351E03158F006A0091 /* Products */ = {
			isa = PBXGroup;
			children = (
				91930F341E03158F006A0091 /* AudioBar.framework */,
				91FC61421E93C1B8006003E1 /* AudioBarCore.framework */,
				91FC614A1E93C1B8006003E1 /* AudioBarCoreTests.xctest */,
			);
			name = Products;
			sourceTree = "<group>";
		};
		91930F361E03158F006A0091 /* AudioBar */ = {
			isa = PBXGroup;
			children = (
				91930F371E03158F006A0091 /* AudioBar.h */,
				91930F6E1E0315BC006A0091 /* AudioBar.storyboard */,
				91930F6F1E0315BC006A0091 /* AudioBarViewController.swift */,
				91C1561C1E6F2C6800FA2740 /* CMTime+TimeInterval.swift */,
				913FE8B51E8E8EAA00F92B89 /* AVAsset+Metadata.swift */,
				91C186451E031A4D006ECAD8 /* Assets.xcassets */,
				91930F381E03158F006A0091 /* Info.plist */,
			);
			path = AudioBar;
			sourceTree = "<group>";
		};
		91D8A1E51E94E5CA00D60A47 /* Helpers */ = {
			isa = PBXGroup;
			children = (
				910601271E93D510008CE92D /* XCTestCase+Tests.swift */,
				910601251E93D480008CE92D /* URL+Arbitrary.swift */,
				910601291E93D9EC008CE92D /* PlayerInfo+Arbitrary.swift */,
				9106012C1E943C91008CE92D /* ReadyToPlayState+Default.swift */,
				91A85E0C1E94D4CE0049E5C6 /* TimeInterval+Arbitrary.swift */,
			);
			name = Helpers;
			sourceTree = "<group>";
		};
		91FC61431E93C1B8006003E1 /* AudioBarCore */ = {
			isa = PBXGroup;
			children = (
				91FC61711E93C4F9006003E1 /* States */,
				91FC61701E93C4F4006003E1 /* Actions */,
				91D8A1E51E94E5CA00D60A47 /* Helpers */,
				91FC616C1E93C3EF006003E1 /* AudioBarView.swift */,
				91FC61451E93C1B8006003E1 /* Info.plist */,
				91FC61611E93C264006003E1 /* TestsInfo.plist */,
			);
			path = AudioBarCore;
			sourceTree = "<group>";
		};
		91FC61701E93C4F4006003E1 /* Actions */ = {
			isa = PBXGroup;
			children = (
				91FC61761E93C858006003E1 /* Player.swift */,
				91FC61781E93CBB7006003E1 /* ShowAlertAction.swift */,
			);
			name = Actions;
			sourceTree = "<group>";
		};
		91FC61711E93C4F9006003E1 /* States */ = {
			isa = PBXGroup;
			children = (
				91FC61591E93C206006003E1 /* WaitingForURLState.swift */,
				91FC61641E93C2CA006003E1 /* WaitingForURLStateTests.swift */,
				91FC615B1E93C214006003E1 /* ReadyToLoadURLState.swift */,
				91FC61661E93C2D4006003E1 /* ReadyToLoadURLStateTests.swift */,
				91FC615D1E93C220006003E1 /* WaitingForPlayerToLoadState.swift */,
				91FC61681E93C2DD006003E1 /* WaitingForPlayerToLoadStateTests.swift */,
				91FC615F1E93C22D006003E1 /* ReadyToPlayState.swift */,
				91FC616A1E93C2E5006003E1 /* ReadyToPlayStateTests.swift */,
				91D8A1E31E94E4FF00D60A47 /* ReadyToPlayStateViewTests.swift */,
			);
			name = States;
			sourceTree = "<group>";
		};
/* End PBXGroup section */

/* Begin PBXHeadersBuildPhase section */
		91930F311E03158F006A0091 /* Headers */ = {
			isa = PBXHeadersBuildPhase;
			buildActionMask = 2147483647;
			files = (
				91930F451E03158F006A0091 /* AudioBar.h in Headers */,
			);
			runOnlyForDeploymentPostprocessing = 0;
		};
		91FC613F1E93C1B8006003E1 /* Headers */ = {
			isa = PBXHeadersBuildPhase;
			buildActionMask = 2147483647;
			files = (
			);
			runOnlyForDeploymentPostprocessing = 0;
		};
/* End PBXHeadersBuildPhase section */

/* Begin PBXNativeTarget section */
		91930F331E03158F006A0091 /* AudioBar */ = {
			isa = PBXNativeTarget;
			buildConfigurationList = 91930F481E03158F006A0091 /* Build configuration list for PBXNativeTarget "AudioBar" */;
			buildPhases = (
				916E9F8E1E66F5A300B6C008 /* Run SwiftLint */,
				91930F2F1E03158F006A0091 /* Sources */,
				91930F301E03158F006A0091 /* Frameworks */,
				91930F311E03158F006A0091 /* Headers */,
				91930F321E03158F006A0091 /* Resources */,
			);
			buildRules = (
			);
			dependencies = (
			);
			name = AudioBar;
			productName = AudioBar;
			productReference = 91930F341E03158F006A0091 /* AudioBar.framework */;
			productType = "com.apple.product-type.framework";
		};
		91FC61411E93C1B8006003E1 /* AudioBarCore */ = {
			isa = PBXNativeTarget;
			buildConfigurationList = 91FC61571E93C1B8006003E1 /* Build configuration list for PBXNativeTarget "AudioBarCore" */;
			buildPhases = (
				91FC613D1E93C1B8006003E1 /* Sources */,
				91FC613E1E93C1B8006003E1 /* Frameworks */,
				91FC613F1E93C1B8006003E1 /* Headers */,
				91FC61401E93C1B8006003E1 /* Resources */,
			);
			buildRules = (
			);
			dependencies = (
			);
			name = AudioBarCore;
			productName = AudioBarCore;
			productReference = 91FC61421E93C1B8006003E1 /* AudioBarCore.framework */;
			productType = "com.apple.product-type.framework";
		};
		91FC61491E93C1B8006003E1 /* AudioBarCoreTests */ = {
			isa = PBXNativeTarget;
			buildConfigurationList = 91FC61581E93C1B8006003E1 /* Build configuration list for PBXNativeTarget "AudioBarCoreTests" */;
			buildPhases = (
				91FC61461E93C1B8006003E1 /* Sources */,
				91FC61471E93C1B8006003E1 /* Frameworks */,
				91FC61481E93C1B8006003E1 /* Resources */,
			);
			buildRules = (
			);
			dependencies = (
				91FC614D1E93C1B8006003E1 /* PBXTargetDependency */,
			);
			name = AudioBarCoreTests;
			productName = AudioBarCoreTests;
			productReference = 91FC614A1E93C1B8006003E1 /* AudioBarCoreTests.xctest */;
			productType = "com.apple.product-type.bundle.unit-test";
		};
/* End PBXNativeTarget section */

/* Begin PBXProject section */
		91930F2B1E03158F006A0091 /* Project object */ = {
			isa = PBXProject;
			attributes = {
				LastSwiftUpdateCheck = 0830;
				LastUpgradeCheck = 0830;
				ORGANIZATIONNAME = TBD;
				TargetAttributes = {
					91930F331E03158F006A0091 = {
						CreatedOnToolsVersion = 8.2;
						DevelopmentTeam = 977T8AV26N;
						LastSwiftMigration = 0820;
						ProvisioningStyle = Automatic;
					};
					91FC61411E93C1B8006003E1 = {
						CreatedOnToolsVersion = 8.3;
						LastSwiftMigration = 0830;
						ProvisioningStyle = Automatic;
					};
					91FC61491E93C1B8006003E1 = {
						CreatedOnToolsVersion = 8.3;
						ProvisioningStyle = Automatic;
					};
				};
			};
			buildConfigurationList = 91930F2E1E03158F006A0091 /* Build configuration list for PBXProject "AudioBar" */;
			compatibilityVersion = "Xcode 3.2";
			developmentRegion = English;
			hasScannedForEncodings = 0;
			knownRegions = (
				en,
			);
			mainGroup = 91930F2A1E03158F006A0091;
			productRefGroup = 91930F351E03158F006A0091 /* Products */;
			projectDirPath = "";
			projectRoot = "";
			targets = (
				91930F331E03158F006A0091 /* AudioBar */,
				91FC61411E93C1B8006003E1 /* AudioBarCore */,
				91FC61491E93C1B8006003E1 /* AudioBarCoreTests */,
			);
		};
/* End PBXProject section */

/* Begin PBXResourcesBuildPhase section */
		91930F321E03158F006A0091 /* Resources */ = {
			isa = PBXResourcesBuildPhase;
			buildActionMask = 2147483647;
			files = (
				91C186461E031A4D006ECAD8 /* Assets.xcassets in Resources */,
				91930F711E0315BC006A0091 /* AudioBar.storyboard in Resources */,
			);
			runOnlyForDeploymentPostprocessing = 0;
		};
		91FC61401E93C1B8006003E1 /* Resources */ = {
			isa = PBXResourcesBuildPhase;
			buildActionMask = 2147483647;
			files = (
			);
			runOnlyForDeploymentPostprocessing = 0;
		};
		91FC61481E93C1B8006003E1 /* Resources */ = {
			isa = PBXResourcesBuildPhase;
			buildActionMask = 2147483647;
			files = (
			);
			runOnlyForDeploymentPostprocessing = 0;
		};
/* End PBXResourcesBuildPhase section */

/* Begin PBXShellScriptBuildPhase section */
		916E9F8E1E66F5A300B6C008 /* Run SwiftLint */ = {
			isa = PBXShellScriptBuildPhase;
			buildActionMask = 2147483647;
			files = (
			);
			inputPaths = (
			);
			name = "Run SwiftLint";
			outputPaths = (
			);
			runOnlyForDeploymentPostprocessing = 0;
			shellPath = /bin/sh;
			shellScript = "set -ex\ntest $(swiftlint version) == \"0.17.0\"\nFLAGS=$(test $CONFIGURATION == \"Release\" && echo \"--strict\" || echo \"\")\nswiftlint lint $FLAGS\n";
			showEnvVarsInLog = 0;
		};
/* End PBXShellScriptBuildPhase section */

/* Begin PBXSourcesBuildPhase section */
		91930F2F1E03158F006A0091 /* Sources */ = {
			isa = PBXSourcesBuildPhase;
			buildActionMask = 2147483647;
			files = (
				913FE8B61E8E8EAA00F92B89 /* AVAsset+Metadata.swift in Sources */,
				91C1561D1E6F2C6800FA2740 /* CMTime+TimeInterval.swift in Sources */,
				91930F721E0315BC006A0091 /* AudioBarViewController.swift in Sources */,
			);
			runOnlyForDeploymentPostprocessing = 0;
		};
		91FC613D1E93C1B8006003E1 /* Sources */ = {
			isa = PBXSourcesBuildPhase;
			buildActionMask = 2147483647;
			files = (
				91FC61601E93C22D006003E1 /* ReadyToPlayState.swift in Sources */,
				91FC615C1E93C214006003E1 /* ReadyToLoadURLState.swift in Sources */,
				91FC616D1E93C3EF006003E1 /* AudioBarView.swift in Sources */,
				91FC615E1E93C220006003E1 /* WaitingForPlayerToLoadState.swift in Sources */,
				91FC61791E93CBB7006003E1 /* ShowAlertAction.swift in Sources */,
				91FC61771E93C858006003E1 /* Player.swift in Sources */,
				91FC615A1E93C206006003E1 /* WaitingForURLState.swift in Sources */,
			);
			runOnlyForDeploymentPostprocessing = 0;
		};
		91FC61461E93C1B8006003E1 /* Sources */ = {
			isa = PBXSourcesBuildPhase;
			buildActionMask = 2147483647;
			files = (
				9106012E1E943C96008CE92D /* ReadyToPlayState+Default.swift in Sources */,
				91FC61671E93C2D4006003E1 /* ReadyToLoadURLStateTests.swift in Sources */,
				91FC61651E93C2CA006003E1 /* WaitingForURLStateTests.swift in Sources */,
				910601261E93D480008CE92D /* URL+Arbitrary.swift in Sources */,
				91D8A1E41E94E4FF00D60A47 /* ReadyToPlayStateViewTests.swift in Sources */,
				91D8A1F31E950B8300D60A47 /* PlayerInfo+Arbitrary.swift in Sources */,
				91FC61691E93C2DD006003E1 /* WaitingForPlayerToLoadStateTests.swift in Sources */,
				91A85E0D1E94D4CE0049E5C6 /* TimeInterval+Arbitrary.swift in Sources */,
				910601281E93D510008CE92D /* XCTestCase+Tests.swift in Sources */,
				91FC616B1E93C2E5006003E1 /* ReadyToPlayStateTests.swift in Sources */,
			);
			runOnlyForDeploymentPostprocessing = 0;
		};
/* End PBXSourcesBuildPhase section */

/* Begin PBXTargetDependency section */
		91FC614D1E93C1B8006003E1 /* PBXTargetDependency */ = {
			isa = PBXTargetDependency;
			target = 91FC61411E93C1B8006003E1 /* AudioBarCore */;
			targetProxy = 91FC614C1E93C1B8006003E1 /* PBXContainerItemProxy */;
		};
/* End PBXTargetDependency section */

/* Begin XCBuildConfiguration section */
		91930F461E03158F006A0091 /* Debug */ = {
			isa = XCBuildConfiguration;
			buildSettings = {
				ALWAYS_SEARCH_USER_PATHS = NO;
				CLANG_ANALYZER_NONNULL = YES;
				CLANG_CXX_LANGUAGE_STANDARD = "gnu++0x";
				CLANG_CXX_LIBRARY = "libc++";
				CLANG_ENABLE_MODULES = YES;
				CLANG_ENABLE_OBJC_ARC = YES;
				CLANG_WARN_BOOL_CONVERSION = YES;
				CLANG_WARN_CONSTANT_CONVERSION = YES;
				CLANG_WARN_DIRECT_OBJC_ISA_USAGE = YES_ERROR;
				CLANG_WARN_DOCUMENTATION_COMMENTS = YES;
				CLANG_WARN_EMPTY_BODY = YES;
				CLANG_WARN_ENUM_CONVERSION = YES;
				CLANG_WARN_INFINITE_RECURSION = YES;
				CLANG_WARN_INT_CONVERSION = YES;
				CLANG_WARN_OBJC_ROOT_CLASS = YES_ERROR;
				CLANG_WARN_SUSPICIOUS_MOVE = YES;
				CLANG_WARN_UNREACHABLE_CODE = YES;
				CLANG_WARN__DUPLICATE_METHOD_MATCH = YES;
				"CODE_SIGN_IDENTITY[sdk=iphoneos*]" = "iPhone Developer";
				COPY_PHASE_STRIP = NO;
				CURRENT_PROJECT_VERSION = 1;
				DEBUG_INFORMATION_FORMAT = dwarf;
				ENABLE_STRICT_OBJC_MSGSEND = YES;
				ENABLE_TESTABILITY = YES;
				GCC_C_LANGUAGE_STANDARD = gnu99;
				GCC_DYNAMIC_NO_PIC = NO;
				GCC_NO_COMMON_BLOCKS = YES;
				GCC_OPTIMIZATION_LEVEL = 0;
				GCC_PREPROCESSOR_DEFINITIONS = (
					"DEBUG=1",
					"$(inherited)",
				);
				GCC_WARN_64_TO_32_BIT_CONVERSION = YES;
				GCC_WARN_ABOUT_RETURN_TYPE = YES_ERROR;
				GCC_WARN_UNDECLARED_SELECTOR = YES;
				GCC_WARN_UNINITIALIZED_AUTOS = YES_AGGRESSIVE;
				GCC_WARN_UNUSED_FUNCTION = YES;
				GCC_WARN_UNUSED_VARIABLE = YES;
				IPHONEOS_DEPLOYMENT_TARGET = 9.0;
				MTL_ENABLE_DEBUG_INFO = YES;
				ONLY_ACTIVE_ARCH = YES;
				SDKROOT = iphoneos;
				SWIFT_ACTIVE_COMPILATION_CONDITIONS = DEBUG;
				SWIFT_OPTIMIZATION_LEVEL = "-Onone";
				TARGETED_DEVICE_FAMILY = "1,2";
				VERSIONING_SYSTEM = "apple-generic";
				VERSION_INFO_PREFIX = "";
			};
			name = Debug;
		};
		91930F471E03158F006A0091 /* Release */ = {
			isa = XCBuildConfiguration;
			buildSettings = {
				ALWAYS_SEARCH_USER_PATHS = NO;
				CLANG_ANALYZER_NONNULL = YES;
				CLANG_CXX_LANGUAGE_STANDARD = "gnu++0x";
				CLANG_CXX_LIBRARY = "libc++";
				CLANG_ENABLE_MODULES = YES;
				CLANG_ENABLE_OBJC_ARC = YES;
				CLANG_WARN_BOOL_CONVERSION = YES;
				CLANG_WARN_CONSTANT_CONVERSION = YES;
				CLANG_WARN_DIRECT_OBJC_ISA_USAGE = YES_ERROR;
				CLANG_WARN_DOCUMENTATION_COMMENTS = YES;
				CLANG_WARN_EMPTY_BODY = YES;
				CLANG_WARN_ENUM_CONVERSION = YES;
				CLANG_WARN_INFINITE_RECURSION = YES;
				CLANG_WARN_INT_CONVERSION = YES;
				CLANG_WARN_OBJC_ROOT_CLASS = YES_ERROR;
				CLANG_WARN_SUSPICIOUS_MOVE = YES;
				CLANG_WARN_UNREACHABLE_CODE = YES;
				CLANG_WARN__DUPLICATE_METHOD_MATCH = YES;
				"CODE_SIGN_IDENTITY[sdk=iphoneos*]" = "iPhone Developer";
				COPY_PHASE_STRIP = NO;
				CURRENT_PROJECT_VERSION = 1;
				DEBUG_INFORMATION_FORMAT = "dwarf-with-dsym";
				ENABLE_NS_ASSERTIONS = NO;
				ENABLE_STRICT_OBJC_MSGSEND = YES;
				GCC_C_LANGUAGE_STANDARD = gnu99;
				GCC_NO_COMMON_BLOCKS = YES;
				GCC_WARN_64_TO_32_BIT_CONVERSION = YES;
				GCC_WARN_ABOUT_RETURN_TYPE = YES_ERROR;
				GCC_WARN_UNDECLARED_SELECTOR = YES;
				GCC_WARN_UNINITIALIZED_AUTOS = YES_AGGRESSIVE;
				GCC_WARN_UNUSED_FUNCTION = YES;
				GCC_WARN_UNUSED_VARIABLE = YES;
				IPHONEOS_DEPLOYMENT_TARGET = 9.0;
				MTL_ENABLE_DEBUG_INFO = NO;
				SDKROOT = iphoneos;
				SWIFT_OPTIMIZATION_LEVEL = "-Owholemodule";
				TARGETED_DEVICE_FAMILY = "1,2";
				VALIDATE_PRODUCT = YES;
				VERSIONING_SYSTEM = "apple-generic";
				VERSION_INFO_PREFIX = "";
			};
			name = Release;
		};
		91930F491E03158F006A0091 /* Debug */ = {
			isa = XCBuildConfiguration;
			buildSettings = {
				CLANG_ENABLE_MODULES = YES;
				CODE_SIGN_IDENTITY = "";
				"CODE_SIGN_IDENTITY[sdk=iphoneos*]" = "";
				DEFINES_MODULE = YES;
				DEVELOPMENT_TEAM = 977T8AV26N;
				DYLIB_COMPATIBILITY_VERSION = 1;
				DYLIB_CURRENT_VERSION = 1;
				DYLIB_INSTALL_NAME_BASE = "@rpath";
				FRAMEWORK_SEARCH_PATHS = (
					"$(inherited)",
					"$(PROJECT_DIR)",
					"$(PROJECT_DIR)/Carthage/Build/iOS",
				);
				INFOPLIST_FILE = AudioBar/Info.plist;
				INSTALL_PATH = "$(LOCAL_LIBRARY_DIR)/Frameworks";
				LD_RUNPATH_SEARCH_PATHS = "$(inherited) @executable_path/Frameworks @loader_path/Frameworks";
				PRODUCT_BUNDLE_IDENTIFIER = TBD.AudioBar;
				PRODUCT_NAME = "$(TARGET_NAME)";
				SKIP_INSTALL = YES;
				SWIFT_OPTIMIZATION_LEVEL = "-Onone";
				SWIFT_VERSION = 3.0;
			};
			name = Debug;
		};
		91930F4A1E03158F006A0091 /* Release */ = {
			isa = XCBuildConfiguration;
			buildSettings = {
				CLANG_ENABLE_MODULES = YES;
				CODE_SIGN_IDENTITY = "";
				DEFINES_MODULE = YES;
				DEVELOPMENT_TEAM = 977T8AV26N;
				DYLIB_COMPATIBILITY_VERSION = 1;
				DYLIB_CURRENT_VERSION = 1;
				DYLIB_INSTALL_NAME_BASE = "@rpath";
				FRAMEWORK_SEARCH_PATHS = (
					"$(inherited)",
					"$(PROJECT_DIR)",
					"$(PROJECT_DIR)/Carthage/Build/iOS",
				);
				INFOPLIST_FILE = AudioBar/Info.plist;
				INSTALL_PATH = "$(LOCAL_LIBRARY_DIR)/Frameworks";
				LD_RUNPATH_SEARCH_PATHS = "$(inherited) @executable_path/Frameworks @loader_path/Frameworks";
				PRODUCT_BUNDLE_IDENTIFIER = TBD.AudioBar;
				PRODUCT_NAME = "$(TARGET_NAME)";
				SKIP_INSTALL = YES;
				SWIFT_VERSION = 3.0;
			};
			name = Release;
		};
		91FC61531E93C1B8006003E1 /* Debug */ = {
			isa = XCBuildConfiguration;
			buildSettings = {
				CLANG_ANALYZER_NUMBER_OBJECT_CONVERSION = YES_AGGRESSIVE;
				CLANG_ENABLE_MODULES = YES;
				CODE_SIGN_IDENTITY = "";
				DEFINES_MODULE = YES;
				DYLIB_COMPATIBILITY_VERSION = 1;
				DYLIB_CURRENT_VERSION = 1;
				DYLIB_INSTALL_NAME_BASE = "@rpath";
				FRAMEWORK_SEARCH_PATHS = (
					"$(inherited)",
					"$(PROJECT_DIR)/Carthage/Build/iOS",
				);
				INFOPLIST_FILE = AudioBarCore/Info.plist;
				INSTALL_PATH = "$(LOCAL_LIBRARY_DIR)/Frameworks";
				IPHONEOS_DEPLOYMENT_TARGET = 10.3;
				LD_RUNPATH_SEARCH_PATHS = "$(inherited) @executable_path/Frameworks @loader_path/Frameworks";
				PRODUCT_BUNDLE_IDENTIFIER = Salutis.AudioBarCore;
				PRODUCT_NAME = "$(TARGET_NAME)";
				SKIP_INSTALL = YES;
				SWIFT_OPTIMIZATION_LEVEL = "-Onone";
				SWIFT_VERSION = 3.0;
			};
			name = Debug;
		};
		91FC61541E93C1B8006003E1 /* Release */ = {
			isa = XCBuildConfiguration;
			buildSettings = {
				CLANG_ANALYZER_NUMBER_OBJECT_CONVERSION = YES_AGGRESSIVE;
				CLANG_ENABLE_MODULES = YES;
				CODE_SIGN_IDENTITY = "";
				DEFINES_MODULE = YES;
				DYLIB_COMPATIBILITY_VERSION = 1;
				DYLIB_CURRENT_VERSION = 1;
				DYLIB_INSTALL_NAME_BASE = "@rpath";
				FRAMEWORK_SEARCH_PATHS = (
					"$(inherited)",
					"$(PROJECT_DIR)/Carthage/Build/iOS",
				);
				INFOPLIST_FILE = AudioBarCore/Info.plist;
				INSTALL_PATH = "$(LOCAL_LIBRARY_DIR)/Frameworks";
				IPHONEOS_DEPLOYMENT_TARGET = 10.3;
				LD_RUNPATH_SEARCH_PATHS = "$(inherited) @executable_path/Frameworks @loader_path/Frameworks";
				PRODUCT_BUNDLE_IDENTIFIER = Salutis.AudioBarCore;
				PRODUCT_NAME = "$(TARGET_NAME)";
				SKIP_INSTALL = YES;
				SWIFT_VERSION = 3.0;
			};
			name = Release;
		};
		91FC61551E93C1B8006003E1 /* Debug */ = {
			isa = XCBuildConfiguration;
			buildSettings = {
				ALWAYS_EMBED_SWIFT_STANDARD_LIBRARIES = YES;
				CLANG_ANALYZER_NUMBER_OBJECT_CONVERSION = YES_AGGRESSIVE;
				FRAMEWORK_SEARCH_PATHS = (
					"$(inherited)",
					"$(PROJECT_DIR)/Carthage/Build/iOS",
				);
				INFOPLIST_FILE = AudioBarCore/TestsInfo.plist;
				IPHONEOS_DEPLOYMENT_TARGET = 10.3;
				LD_RUNPATH_SEARCH_PATHS = "$(inherited) @executable_path/Frameworks @loader_path/Frameworks $(PROJECT_DIR)/Carthage/Build/iOS";
				PRODUCT_BUNDLE_IDENTIFIER = Salutis.AudioBarCoreTests;
				PRODUCT_NAME = "$(TARGET_NAME)";
				SWIFT_VERSION = 3.0;
			};
			name = Debug;
		};
		91FC61561E93C1B8006003E1 /* Release */ = {
			isa = XCBuildConfiguration;
			buildSettings = {
				ALWAYS_EMBED_SWIFT_STANDARD_LIBRARIES = YES;
				CLANG_ANALYZER_NUMBER_OBJECT_CONVERSION = YES_AGGRESSIVE;
				FRAMEWORK_SEARCH_PATHS = (
					"$(inherited)",
					"$(PROJECT_DIR)/Carthage/Build/iOS",
				);
				INFOPLIST_FILE = AudioBarCore/TestsInfo.plist;
				IPHONEOS_DEPLOYMENT_TARGET = 10.3;
				LD_RUNPATH_SEARCH_PATHS = "$(inherited) @executable_path/Frameworks @loader_path/Frameworks $(PROJECT_DIR)/Carthage/Build/iOS";
				PRODUCT_BUNDLE_IDENTIFIER = Salutis.AudioBarCoreTests;
				PRODUCT_NAME = "$(TARGET_NAME)";
				SWIFT_VERSION = 3.0;
			};
			name = Release;
		};
/* End XCBuildConfiguration section */

/* Begin XCConfigurationList section */
		91930F2E1E03158F006A0091 /* Build configuration list for PBXProject "AudioBar" */ = {
			isa = XCConfigurationList;
			buildConfigurations = (
				91930F461E03158F006A0091 /* Debug */,
				91930F471E03158F006A0091 /* Release */,
			);
			defaultConfigurationIsVisible = 0;
			defaultConfigurationName = Release;
		};
		91930F481E03158F006A0091 /* Build configuration list for PBXNativeTarget "AudioBar" */ = {
			isa = XCConfigurationList;
			buildConfigurations = (
				91930F491E03158F006A0091 /* Debug */,
				91930F4A1E03158F006A0091 /* Release */,
			);
			defaultConfigurationIsVisible = 0;
			defaultConfigurationName = Release;
		};
		91FC61571E93C1B8006003E1 /* Build configuration list for PBXNativeTarget "AudioBarCore" */ = {
			isa = XCConfigurationList;
			buildConfigurations = (
				91FC61531E93C1B8006003E1 /* Debug */,
				91FC61541E93C1B8006003E1 /* Release */,
			);
			defaultConfigurationIsVisible = 0;
			defaultConfigurationName = Release;
		};
		91FC61581E93C1B8006003E1 /* Build configuration list for PBXNativeTarget "AudioBarCoreTests" */ = {
			isa = XCConfigurationList;
			buildConfigurations = (
				91FC61551E93C1B8006003E1 /* Debug */,
				91FC61561E93C1B8006003E1 /* Release */,
			);
			defaultConfigurationIsVisible = 0;
			defaultConfigurationName = Release;
		};
/* End XCConfigurationList section */
	};
	rootObject = 91930F2B1E03158F006A0091 /* Project object */;
}
